
Microsoft Visual Studio Solution File, Format Version 12.00
# Visual Studio Version 17
VisualStudioVersion = 17.0.31912.275
MinimumVisualStudioVersion = 10.0.40219.1
Project("{9A19103F-16F7-4668-BE54-9A1E7A4F7556}") = "BLOGN.API", "BLOGN.API\BLOGN.API.csproj", "{79491290-818B-499E-8576-8D958263EA30}"
EndProject
Project("{9A19103F-16F7-4668-BE54-9A1E7A4F7556}") = "BLOGN.Models", "BLOGN.Models\BLOGN.Models.csproj", "{FD7D8FA6-CEA7-4E1C-9A30-E73688E9595B}"
EndProject
Project("{9A19103F-16F7-4668-BE54-9A1E7A4F7556}") = "BLOGN.Data", "BLOGN.Data\BLOGN.Data.csproj", "{FD7534BC-2C65-4323-B33F-FA12E09FEAFA}"
EndProject
Project("{FAE04EC0-301F-11D3-BF4B-00C04F79EFBC}") = "BLOGN.SharedTools", "BLOGN.SharedTools\BLOGN.SharedTools.csproj", "{BD5C96EE-E557-42A7-839C-9EE777763D7F}"
EndProject
Global
	GlobalSection(SolutionConfigurationPlatforms) = preSolution
		Debug|Any CPU = Debug|Any CPU
		Release|Any CPU = Release|Any CPU
	EndGlobalSection
	GlobalSection(ProjectConfigurationPlatforms) = postSolution
		{79491290-818B-499E-8576-8D958263EA30}.Debug|Any CPU.ActiveCfg = Debug|Any CPU
		{79491290-818B-499E-8576-8D958263EA30}.Debug|Any CPU.Build.0 = Debug|Any CPU
		{79491290-818B-499E-8576-8D958263EA30}.Release|Any CPU.ActiveCfg = Release|Any CPU
		{79491290-818B-499E-8576-8D958263EA30}.Release|Any CPU.Build.0 = Release|Any CPU
		{FD7D8FA6-CEA7-4E1C-9A30-E73688E9595B}.Debug|Any CPU.ActiveCfg = Debug|Any CPU
		{FD7D8FA6-CEA7-4E1C-9A30-E73688E9595B}.Debug|Any CPU.Build.0 = Debug|Any CPU
		{FD7D8FA6-CEA7-4E1C-9A30-E73688E9595B}.Release|Any CPU.ActiveCfg = Release|Any CPU
		{FD7D8FA6-CEA7-4E1C-9A30-E73688E9595B}.Release|Any CPU.Build.0 = Release|Any CPU
		{FD7534BC-2C65-4323-B33F-FA12E09FEAFA}.Debug|Any CPU.ActiveCfg = Debug|Any CPU
		{FD7534BC-2C65-4323-B33F-FA12E09FEAFA}.Debug|Any CPU.Build.0 = Debug|Any CPU
		{FD7534BC-2C65-4323-B33F-FA12E09FEAFA}.Release|Any CPU.ActiveCfg = Release|Any CPU
		{FD7534BC-2C65-4323-B33F-FA12E09FEAFA}.Release|Any CPU.Build.0 = Release|Any CPU
		{BD5C96EE-E557-42A7-839C-9EE777763D7F}.Debug|Any CPU.ActiveCfg = Debug|Any CPU
		{BD5C96EE-E557-42A7-839C-9EE777763D7F}.Debug|Any CPU.Build.0 = Debug|Any CPU
		{BD5C96EE-E557-42A7-839C-9EE777763D7F}.Release|Any CPU.ActiveCfg = Release|Any CPU
		{BD5C96EE-E557-42A7-839C-9EE777763D7F}.Release|Any CPU.Build.0 = Release|Any CPU
	EndGlobalSection
	GlobalSection(SolutionProperties) = preSolution
		HideSolutionNode = FALSE
	EndGlobalSection
	GlobalSection(ExtensibilityGlobals) = postSolution
		SolutionGuid = {55A5D450-98E4-481C-8BEF-B1A1C7D2DB5B}
	EndGlobalSection
EndGlobal
